
Microsoft Visual Studio Solution File, Format Version 12.00
# Visual Studio Version 17
VisualStudioVersion = 17.11.35312.102
MinimumVisualStudioVersion = 10.0.40219.1
Project("{FAE04EC0-301F-11D3-BF4B-00C04F79EFBC}") = "EzyNotes", "EzyNotes\EzyNotes.csproj", "{58DCAC3A-D51E-42B4-A146-D4700344D738}"
EndProject
Global
	GlobalSection(SolutionConfigurationPlatforms) = preSolution
		Debug|Any CPU = Debug|Any CPU
		Release|Any CPU = Release|Any CPU
	EndGlobalSection
	GlobalSection(ProjectConfigurationPlatforms) = postSolution
		{58DCAC3A-D51E-42B4-A146-D4700344D738}.Debug|Any CPU.ActiveCfg = Debug|Any CPU
		{58DCAC3A-D51E-42B4-A146-D4700344D738}.Debug|Any CPU.Build.0 = Debug|Any CPU
		{58DCAC3A-D51E-42B4-A146-D4700344D738}.Release|Any CPU.ActiveCfg = Release|Any CPU
		{58DCAC3A-D51E-42B4-A146-D4700344D738}.Release|Any CPU.Build.0 = Release|Any CPU
	EndGlobalSection
	GlobalSection(SolutionProperties) = preSolution
		HideSolutionNode = FALSE
	EndGlobalSection
	GlobalSection(ExtensibilityGlobals) = postSolution
		SolutionGuid = {3548F858-FE85-43CE-952B-2AABCDD6BFC4}
	EndGlobalSection
EndGlobal
